PODS:
  - MBProgressHUD (0.9.2)
  - POPLib (0.1.69):
    - MBProgressHUD (~> 0.9)
  - POPMediaPicker (0.1.42):
    - MBProgressHUD (~> 0.9)
    - POPLib (~> 0.1)
    - POPOrientationNavigationVC (~> 0.1)
  - POPOrientationNavigationVC (0.1.24)

DEPENDENCIES:
  - POPMediaPicker (from `../`)

EXTERNAL SOURCES:
  POPMediaPicker:
    :path: ../

SPEC CHECKSUMS:
  MBProgressHUD: 1569cf7ace17a8bac47aabfbb8580a49690386d1
  POPLib: e71b43a261ebf87bfcb4b35bce915928123a11eb
  POPMediaPicker: abf5f7571e500beb78e181730304896691ed8db5
  POPOrientationNavigationVC: 02db2512b86b84558bd1c200cf5cfcc15a46f7a3

COCOAPODS: 0.39.0
